# @generated by Move, please check-in and do not edit manually.

[move]
version = 2
manifest_digest = "8DE260C56E860108FF78254ABF0BAFCCAA7863FD6E9B86DF997890A66DD6FCBA"
deps_digest = "F8BBB0CCB2491CA29A3DF03D6F92277A4F3574266507ACD77214D37ECA3F3082"
dependencies = [
  { name = "Sui" },
]

[[move.package]]
name = "MoveStdlib"
source = { git = "https://github.com/MystenLabs/sui.git", rev = "framework/testnet", subdir = "crates/sui-framework/packages/move-stdlib" }

[[move.package]]
name = "Sui"
source = { git = "https://github.com/MystenLabs/sui.git", rev = "framework/testnet", subdir = "crates/sui-framework/packages/sui-framework" }

dependencies = [
  { name = "MoveStdlib" },
]

[move.toolchain-version]
compiler-version = "1.32.0"
edition = "2024.beta"
flavor = "sui"

[env]

[env.devnet]
chain-id = "6e9adb0e"
original-published-id = "0x5aefce55f5dd59d1fb7facb03a9b4c67d705233c404e873342d07be11797438e"
latest-published-id = "0x5aefce55f5dd59d1fb7facb03a9b4c67d705233c404e873342d07be11797438e"
published-version = "1"

[env.mainnet]
chain-id = "35834a8a"
original-published-id = "0xf0782690e57fd61a7702bdb548d5cd2b9f719f800499a868e5c91a0bb3aeac08"
latest-published-id = "0xf0782690e57fd61a7702bdb548d5cd2b9f719f800499a868e5c91a0bb3aeac08"
published-version = "1"
